// !$*UTF8*$!
{
	archiveVersion = 1;
	classes = {
	};
	objectVersion = 77;
	objects = {

/* Begin PBXBuildFile section */
		CFF0496A2F77DEFE008FF485 /* CodeSample in Frameworks */ = {isa = PBXBuildFile; productRef = CFF049692F77DEFE008FF485 /* CodeSample */; };
/* End PBXBuildFile section */

/* Begin PBXContainerItemProxy section */
		CFF0490E2F775CA6008FF485 /* PBXContainerItemProxy */ = {
			isa = PBXContainerItemProxy;
			containerPortal = CFF048F82F775CA4008FF485 /* Project object */;
			proxyType = 1;
			remoteGlobalIDString = CFF048FF2F775CA4008FF485;
			remoteInfo = AgentCodingTrainingApp;
		};
		CFF049182F775CA6008FF485 /* PBXContainerItemProxy */ = {
			isa = PBXContainerItemProxy;
			containerPortal = CFF048F82F775CA4008FF485 /* Project object */;
			proxyType = 1;
			remoteGlobalIDString = CFF048FF2F775CA4008FF485;
			remoteInfo = AgentCodingTrainingApp;
		};
/* End PBXContainerItemProxy section */

/* Begin PBXFileReference section */
		CFF049002F775CA4008FF485 /* AgentCodingTrainingApp.app */ = {isa = PBXFileReference; explicitFileType = wrapper.application; includeInIndex = 0; path = AgentCodingTrainingApp.app; sourceTree = BUILT_PRODUCTS_DIR; };
		CFF0490D2F775CA6008FF485 /* AgentCodingTrainingAppTests.xctest */ = {isa = PBXFileReference; explicitFileType = wrapper.cfbundle; includeInIndex = 0; path = AgentCodingTrainingAppTests.xctest; sourceTree = BUILT_PRODUCTS_DIR; };
		CFF049172F775CA6008FF485 /* AgentCodingTrainingAppUITests.xctest */ = {isa = PBXFileReference; explicitFileType = wrapper.cfbundle; includeInIndex = 0; path = AgentCodingTrainingAppUITests.xctest; sourceTree = BUILT_PRODUCTS_DIR; };
/* End PBXFileReference section */

/* Begin PBXFileSystemSynchronizedRootGroup section */
		CFF049022F775CA4008FF485 /* AgentCodingTrainingApp */ = {
			isa = PBXFileSystemSynchronizedRootGroup;
			path = AgentCodingTrainingApp;
			sourceTree = "<group>";
		};
		CFF049102F775CA6008FF485 /* AgentCodingTrainingAppTests */ = {
			isa = PBXFileSystemSynchronizedRootGroup;
			path = AgentCodingTrainingAppTests;
			sourceTree = "<group>";
		};
		CFF0491A2F775CA6008FF485 /* AgentCodingTrainingAppUITests */ = {
			isa = PBXFileSystemSynchronizedRootGroup;
			path = AgentCodingTrainingAppUITests;
			sourceTree = "<group>";
		};
/* End PBXFileSystemSynchronizedRootGroup section */

/* Begin PBXFrameworksBuildPhase section */
		CFF048FD2F775CA4008FF485 /* Frameworks */ = {
			isa = PBXFrameworksBuildPhase;
			buildActionMask = 2147483647;
			files = (
				CFF0496A2F77DEFE008FF485 /* CodeSample in Frameworks */,
			);
			runOnlyForDeploymentPostprocessing = 0;
		};
		CFF0490A2F775CA6008FF485 /* Frameworks */ = {
			isa = PBXFrameworksBuildPhase;
			buildActionMask = 2147483647;
			files = (
			);
			runOnlyForDeploymentPostprocessing = 0;
		};
		CFF049142F775CA6008FF485 /* Frameworks */ = {
			isa = PBXFrameworksBuildPhase;
			buildActionMask = 2147483647;
			files = (
			);
			runOnlyForDeploymentPostprocessing = 0;
		};
/* End PBXFrameworksBuildPhase section */

/* Begin PBXGroup section */
		CFF048F72F775CA4008FF485 = {
			isa = PBXGroup;
			children = (
				CFF049022F775CA4008FF485 /* AgentCodingTrainingApp */,
				CFF049102F775CA6008FF485 /* AgentCodingTrainingAppTests */,
				CFF0491A2F775CA6008FF485 /* AgentCodingTrainingAppUITests */,
				CFF049012F775CA4008FF485 /* Products */,
			);
			sourceTree = "<group>";
		};
		CFF049012F775CA4008FF485 /* Products */ = {
			isa = PBXGroup;
			children = (
				CFF049002F775CA4008FF485 /* AgentCodingTrainingApp.app */,
				CFF0490D2F775CA6008FF485 /* AgentCodingTrainingAppTests.xctest */,
				CFF049172F775CA6008FF485 /* AgentCodingTrainingAppUITests.xctest */,
			);
			name = Products;
			sourceTree = "<group>";
		};
/* End PBXGroup section */

/* Begin PBXNativeTarget section */
		CFF048FF2F775CA4008FF485 /* AgentCodingTrainingApp */ = {
			isa = PBXNativeTarget;
			buildConfigurationList = CFF049212F775CA6008FF485 /* Build configuration list for PBXNativeTarget "AgentCodingTrainingApp" */;
			buildPhases = (
				CFF048FC2F775CA4008FF485 /* Sources */,
				CFF048FD2F775CA4008FF485 /* Frameworks */,
				CFF048FE2F775CA4008FF485 /* Resources */,
			);
			buildRules = (
			);
			dependencies = (
			);
			fileSystemSynchronizedGroups = (
				CFF049022F775CA4008FF485 /* AgentCodingTrainingApp */,
			);
			name = AgentCodingTrainingApp;
			packageProductDependencies = (
				CFF049692F77DEFE008FF485 /* CodeSample */,
			);
			productName = AgentCodingTrainingApp;
			productReference = CFF049002F775CA4008FF485 /* AgentCodingTrainingApp.app */;
			productType = "com.apple.product-type.application";
		};
		CFF0490C2F775CA6008FF485 /* AgentCodingTrainingAppTests */ = {
			isa = PBXNativeTarget;
			buildConfigurationList = CFF049242F775CA6008FF485 /* Build configuration list for PBXNativeTarget "AgentCodingTrainingAppTests" */;
			buildPhases = (
				CFF049092F775CA6008FF485 /* Sources */,
				CFF0490A2F775CA6008FF485 /* Frameworks */,
				CFF0490B2F775CA6008FF485 /* Resources */,
			);
			buildRules = (
			);
			dependencies = (
				CFF0490F2F775CA6008FF485 /* PBXTargetDependency */,
			);
			fileSystemSynchronizedGroups = (
				CFF049102F775CA6008FF485 /* AgentCodingTrainingAppTests */,
			);
			name = AgentCodingTrainingAppTests;
			packageProductDependencies = (
			);
			productName = AgentCodingTrainingAppTests;
			productReference = CFF0490D2F775CA6008FF485 /* AgentCodingTrainingAppTests.xctest */;
			productType = "com.apple.product-type.bundle.unit-test";
		};
		CFF049162F775CA6008FF485 /* AgentCodingTrainingAppUITests */ = {
			isa = PBXNativeTarget;
			buildConfigurationList = CFF049272F775CA6008FF485 /* Build configuration list for PBXNativeTarget "AgentCodingTrainingAppUITests" */;
			buildPhases = (
				CFF049132F775CA6008FF485 /* Sources */,
				CFF049142F775CA6008FF485 /* Frameworks */,
				CFF049152F775CA6008FF485 /* Resources */,
			);
			buildRules = (
			);
			dependencies = (
				CFF049192F775CA6008FF485 /* PBXTargetDependency */,
			);
			fileSystemSynchronizedGroups = (
				CFF0491A2F775CA6008FF485 /* AgentCodingTrainingAppUITests */,
			);
			name = AgentCodingTrainingAppUITests;
			packageProductDependencies = (
			);
			productName = AgentCodingTrainingAppUITests;
			productReference = CFF049172F775CA6008FF485 /* AgentCodingTrainingAppUITests.xctest */;
			productType = "com.apple.product-type.bundle.ui-testing";
		};
/* End PBXNativeTarget section */

/* Begin PBXProject section */
		CFF048F82F775CA4008FF485 /* Project object */ = {
			isa = PBXProject;
			attributes = {
				BuildIndependentTargetsInParallel = 1;
				LastSwiftUpdateCheck = 2630;
				LastUpgradeCheck = 2630;
				TargetAttributes = {
					CFF048FF2F775CA4008FF485 = {
						CreatedOnToolsVersion = 26.3;
					};
					CFF0490C2F775CA6008FF485 = {
						CreatedOnToolsVersion = 26.3;
						TestTargetID = CFF048FF2F775CA4008FF485;
					};
					CFF049162F775CA6008FF485 = {
						CreatedOnToolsVersion = 26.3;
						TestTargetID = CFF048FF2F775CA4008FF485;
					};
				};
			};
			buildConfigurationList = CFF048FB2F775CA4008FF485 /* Build configuration list for PBXProject "AgentCodingTrainingApp" */;
			developmentRegion = en;
			hasScannedForEncodings = 0;
			knownRegions = (
				en,
				Base,
			);
			mainGroup = CFF048F72F775CA4008FF485;
			minimizedProjectReferenceProxies = 1;
			packageReferences = (
				CFF049682F77DEFE008FF485 /* XCLocalSwiftPackageReference "LocalPackages/CodeSample" */,
			);
			preferredProjectObjectVersion = 77;
			productRefGroup = CFF049012F775CA4008FF485 /* Products */;
			projectDirPath = "";
			projectRoot = "";
			targets = (
				CFF048FF2F775CA4008FF485 /* AgentCodingTrainingApp */,
				CFF0490C2F775CA6008FF485 /* AgentCodingTrainingAppTests */,
				CFF049162F775CA6008FF485 /* AgentCodingTrainingAppUITests */,
			);
		};
/* End PBXProject section */

/* Begin PBXResourcesBuildPhase section */
		CFF048FE2F775CA4008FF485 /* Resources */ = {
			isa = PBXResourcesBuildPhase;
			buildActionMask = 2147483647;
			files = (
			);
			runOnlyForDeploymentPostprocessing = 0;
		};
		CFF0490B2F775CA6008FF485 /* Resources */ = {
			isa = PBXResourcesBuildPhase;
			buildActionMask = 2147483647;
			files = (
			);
			runOnlyForDeploymentPostprocessing = 0;
		};
		CFF049152F775CA6008FF485 /* Resources */ = {
			isa = PBXResourcesBuildPhase;
			buildActionMask = 2147483647;
			files = (
			);
			runOnlyForDeploymentPostprocessing = 0;
		};
/* End PBXResourcesBuildPhase section */

/* Begin PBXSourcesBuildPhase section */
		CFF048FC2F775CA4008FF485 /* Sources */ = {
			isa = PBXSourcesBuildPhase;
			buildActionMask = 2147483647;
			files = (
			);
			runOnlyForDeploymentPostprocessing = 0;
		};
		CFF049092F775CA6008FF485 /* Sources */ = {
			isa = PBXSourcesBuildPhase;
			buildActionMask = 2147483647;
			files = (
			);
			runOnlyForDeploymentPostprocessing = 0;
		};
		CFF049132F775CA6008FF485 /* Sources */ = {
			isa = PBXSourcesBuildPhase;
			buildActionMask = 2147483647;
			files = (
			);
			runOnlyForDeploymentPostprocessing = 0;
		};
/* End PBXSourcesBuildPhase section */

/* Begin PBXTargetDependency section */
		CFF0490F2F775CA6008FF485 /* PBXTargetDependency */ = {
			isa = PBXTargetDependency;
			target = CFF048FF2F775CA4008FF485 /* AgentCodingTrainingApp */;
			targetProxy = CFF0490E2F775CA6008FF485 /* PBXContainerItemProxy */;
		};
		CFF049192F775CA6008FF485 /* PBXTargetDependency */ = {
			isa = PBXTargetDependency;
			target = CFF048FF2F775CA4008FF485 /* AgentCodingTrainingApp */;
			targetProxy = CFF049182F775CA6008FF485 /* PBXContainerItemProxy */;
		};
/* End PBXTargetDependency section */

/* Begin XCBuildConfiguration section */
		CFF0491F2F775CA6008FF485 /* Debug */ = {
			isa = XCBuildConfiguration;
			buildSettings = {
				ALWAYS_SEARCH_USER_PATHS = NO;
				ASSETCATALOG_COMPILER_GENERATE_SWIFT_ASSET_SYMBOL_EXTENSIONS = YES;
				CLANG_ANALYZER_NONNULL = YES;
				CLANG_ANALYZER_NUMBER_OBJECT_CONVERSION = YES_AGGRESSIVE;
				CLANG_CXX_LANGUAGE_STANDARD = "gnu++20";
				CLANG_ENABLE_MODULES = YES;
				CLANG_ENABLE_OBJC_ARC = YES;
				CLANG_ENABLE_OBJC_WEAK = YES;
				CLANG_WARN_BLOCK_CAPTURE_AUTORELEASING = YES;
				CLANG_WARN_BOOL_CONVERSION = YES;
				CLANG_WARN_COMMA = YES;
				CLANG_WARN_CONSTANT_CONVERSION = YES;
				CLANG_WARN_DEPRECATED_OBJC_IMPLEMENTATIONS = YES;
				CLANG_WARN_DIRECT_OBJC_ISA_USAGE = YES_ERROR;
				CLANG_WARN_DOCUMENTATION_COMMENTS = YES;
				CLANG_WARN_EMPTY_BODY = YES;
				CLANG_WARN_ENUM_CONVERSION = YES;
				CLANG_WARN_INFINITE_RECURSION = YES;
				CLANG_WARN_INT_CONVERSION = YES;
				CLANG_WARN_NON_LITERAL_NULL_CONVERSION = YES;
				CLANG_WARN_OBJC_IMPLICIT_RETAIN_SELF = YES;
				CLANG_WARN_OBJC_LITERAL_CONVERSION = YES;
				CLANG_WARN_OBJC_ROOT_CLASS = YES_ERROR;
				CLANG_WARN_QUOTED_INCLUDE_IN_FRAMEWORK_HEADER = YES;
				CLANG_WARN_RANGE_LOOP_ANALYSIS = YES;
				CLANG_WARN_STRICT_PROTOTYPES = YES;
				CLANG_WARN_SUSPICIOUS_MOVE = YES;
				CLANG_WARN_UNGUARDED_AVAILABILITY = YES_AGGRESSIVE;
				CLANG_WARN_UNREACHABLE_CODE = YES;
				CLANG_WARN__DUPLICATE_METHOD_MATCH = YES;
				COPY_PHASE_STRIP = NO;
				DEBUG_INFORMATION_FORMAT = dwarf;
				DEVELOPMENT_TEAM = CH36299RN6;
				ENABLE_STRICT_OBJC_MSGSEND = YES;
				ENABLE_TESTABILITY = YES;
				ENABLE_USER_SCRIPT_SANDBOXING = YES;
				GCC_C_LANGUAGE_STANDARD = gnu17;
				GCC_DYNAMIC_NO_PIC = NO;
				GCC_NO_COMMON_BLOCKS = YES;
				GCC_OPTIMIZATION_LEVEL = 0;
				GCC_PREPROCESSOR_DEFINITIONS = (
					"DEBUG=1",
					"$(inherited)",
				);
				GCC_WARN_64_TO_32_BIT_CONVERSION = YES;
				GCC_WARN_ABOUT_RETURN_TYPE = YES_ERROR;
				GCC_WARN_UNDECLARED_SELECTOR = YES;
				GCC_WARN_UNINITIALIZED_AUTOS = YES_AGGRESSIVE;
				GCC_WARN_UNUSED_FUNCTION = YES;
				GCC_WARN_UNUSED_VARIABLE = YES;
				IPHONEOS_DEPLOYMENT_TARGET = 26.2;
				LOCALIZATION_PREFERS_STRING_CATALOGS = YES;
				MTL_ENABLE_DEBUG_INFO = INCLUDE_SOURCE;
				MTL_FAST_MATH = YES;
				ONLY_ACTIVE_ARCH = YES;
				SDKROOT = iphoneos;
				SWIFT_ACTIVE_COMPILATION_CONDITIONS = "DEBUG $(inherited)";
				SWIFT_OPTIMIZATION_LEVEL = "-Onone";
			};
			name = Debug;
		};
		CFF049202F775CA6008FF485 /* Release */ = {
			isa = XCBuildConfiguration;
			buildSettings = {
				ALWAYS_SEARCH_USER_PATHS = NO;
				ASSETCATALOG_COMPILER_GENERATE_SWIFT_ASSET_SYMBOL_EXTENSIONS = YES;
				CLANG_ANALYZER_NONNULL = YES;
				CLANG_ANALYZER_NUMBER_OBJECT_CONVERSION = YES_AGGRESSIVE;
				CLANG_CXX_LANGUAGE_STANDARD = "gnu++20";
				CLANG_ENABLE_MODULES = YES;
				CLANG_ENABLE_OBJC_ARC = YES;
				CLANG_ENABLE_OBJC_WEAK = YES;
				CLANG_WARN_BLOCK_CAPTURE_AUTORELEASING = YES;
				CLANG_WARN_BOOL_CONVERSION = YES;
				CLANG_WARN_COMMA = YES;
				CLANG_WARN_CONSTANT_CONVERSION = YES;
				CLANG_WARN_DEPRECATED_OBJC_IMPLEMENTATIONS = YES;
				CLANG_WARN_DIRECT_OBJC_ISA_USAGE = YES_ERROR;
				CLANG_WARN_DOCUMENTATION_COMMENTS = YES;
				CLANG_WARN_EMPTY_BODY = YES;
				CLANG_WARN_ENUM_CONVERSION = YES;
				CLANG_WARN_INFINITE_RECURSION = YES;
				CLANG_WARN_INT_CONVERSION = YES;
				CLANG_WARN_NON_LITERAL_NULL_CONVERSION = YES;
				CLANG_WARN_OBJC_IMPLICIT_RETAIN_SELF = YES;
				CLANG_WARN_OBJC_LITERAL_CONVERSION = YES;
				CLANG_WARN_OBJC_ROOT_CLASS = YES_ERROR;
				CLANG_WARN_QUOTED_INCLUDE_IN_FRAMEWORK_HEADER = YES;
				CLANG_WARN_RANGE_LOOP_ANALYSIS = YES;
				CLANG_WARN_STRICT_PROTOTYPES = YES;
				CLANG_WARN_SUSPICIOUS_MOVE = YES;
				CLANG_WARN_UNGUARDED_AVAILABILITY = YES_AGGRESSIVE;
				CLANG_WARN_UNREACHABLE_CODE = YES;
				CLANG_WARN__DUPLICATE_METHOD_MATCH = YES;
				COPY_PHASE_STRIP = NO;
				DEBUG_INFORMATION_FORMAT = "dwarf-with-dsym";
				DEVELOPMENT_TEAM = CH36299RN6;
				ENABLE_NS_ASSERTIONS = NO;
				ENABLE_STRICT_OBJC_MSGSEND = YES;
				ENABLE_USER_SCRIPT_SANDBOXING = YES;
				GCC_C_LANGUAGE_STANDARD = gnu17;
				GCC_NO_COMMON_BLOCKS = YES;
				GCC_WARN_64_TO_32_BIT_CONVERSION = YES;
				GCC_WARN_ABOUT_RETURN_TYPE = YES_ERROR;
				GCC_WARN_UNDECLARED_SELECTOR = YES;
				GCC_WARN_UNINITIALIZED_AUTOS = YES_AGGRESSIVE;
				GCC_WARN_UNUSED_FUNCTION = YES;
				GCC_WARN_UNUSED_VARIABLE = YES;
				IPHONEOS_DEPLOYMENT_TARGET = 26.2;
				LOCALIZATION_PREFERS_STRING_CATALOGS = YES;
				MTL_ENABLE_DEBUG_INFO = NO;
				MTL_FAST_MATH = YES;
				SDKROOT = iphoneos;
				SWIFT_COMPILATION_MODE = wholemodule;
				VALIDATE_PRODUCT = YES;
			};
			name = Release;
		};
		CFF049222F775CA6008FF485 /* Debug */ = {
			isa = XCBuildConfiguration;
			buildSettings = {
				ASSETCATALOG_COMPILER_APPICON_NAME = AppIcon;
				ASSETCATALOG_COMPILER_GLOBAL_ACCENT_COLOR_NAME = AccentColor;
				CODE_SIGN_STYLE = Automatic;
				CURRENT_PROJECT_VERSION = 1;
				DEVELOPMENT_TEAM = CH36299RN6;
				ENABLE_PREVIEWS = YES;
				GENERATE_INFOPLIST_FILE = YES;
				INFOPLIST_KEY_UIApplicationSceneManifest_Generation = YES;
				INFOPLIST_KEY_UIApplicationSupportsIndirectInputEvents = YES;
				INFOPLIST_KEY_UILaunchScreen_Generation = YES;
				INFOPLIST_KEY_UISupportedInterfaceOrientations_iPad = "UIInterfaceOrientationPortrait UIInterfaceOrientationPortraitUpsideDown UIInterfaceOrientationLandscapeLeft UIInterfaceOrientationLandscapeRight";
				INFOPLIST_KEY_UISupportedInterfaceOrientations_iPhone = "UIInterfaceOrientationPortrait UIInterfaceOrientationLandscapeLeft UIInterfaceOrientationLandscapeRight";
				IPHONEOS_DEPLOYMENT_TARGET = 18.0;
				LD_RUNPATH_SEARCH_PATHS = (
					"$(inherited)",
					"@executable_path/Frameworks",
				);
				MARKETING_VERSION = 1.0;
				PRODUCT_BUNDLE_IDENTIFIER = com.kajitanikento.AgentCodingTrainingApp;
				PRODUCT_NAME = "$(TARGET_NAME)";
				STRING_CATALOG_GENERATE_SYMBOLS = YES;
				SUPPORTED_PLATFORMS = "iphoneos iphonesimulator";
				SUPPORTS_MACCATALYST = NO;
				SUPPORTS_MAC_DESIGNED_FOR_IPHONE_IPAD = NO;
				SUPPORTS_XR_DESIGNED_FOR_IPHONE_IPAD = NO;
				SWIFT_APPROACHABLE_CONCURRENCY = YES;
				SWIFT_DEFAULT_ACTOR_ISOLATION = MainActor;
				SWIFT_EMIT_LOC_STRINGS = YES;
				SWIFT_UPCOMING_FEATURE_MEMBER_IMPORT_VISIBILITY = YES;
				SWIFT_VERSION = 5.0;
				TARGETED_DEVICE_FAMILY = 1;
			};
			name = Debug;
		};
		CFF049232F775CA6008FF485 /* Release */ = {
			isa = XCBuildConfiguration;
			buildSettings = {
				ASSETCATALOG_COMPILER_APPICON_NAME = AppIcon;
				ASSETCATALOG_COMPILER_GLOBAL_ACCENT_COLOR_NAME = AccentColor;
				CODE_SIGN_STYLE = Automatic;
				CURRENT_PROJECT_VERSION = 1;
				DEVELOPMENT_TEAM = CH36299RN6;
				ENABLE_PREVIEWS = YES;
				GENERATE_INFOPLIST_FILE = YES;
				INFOPLIST_KEY_UIApplicationSceneManifest_Generation = YES;
				INFOPLIST_KEY_UIApplicationSupportsIndirectInputEvents = YES;
				INFOPLIST_KEY_UILaunchScreen_Generation = YES;
				INFOPLIST_KEY_UISupportedInterfaceOrientations_iPad = "UIInterfaceOrientationPortrait UIInterfaceOrientationPortraitUpsideDown UIInterfaceOrientationLandscapeLeft UIInterfaceOrientationLandscapeRight";
				INFOPLIST_KEY_UISupportedInterfaceOrientations_iPhone = "UIInterfaceOrientationPortrait UIInterfaceOrientationLandscapeLeft UIInterfaceOrientationLandscapeRight";
				IPHONEOS_DEPLOYMENT_TARGET = 18.0;
				LD_RUNPATH_SEARCH_PATHS = (
					"$(inherited)",
					"@executable_path/Frameworks",
				);
				MARKETING_VERSION = 1.0;
				PRODUCT_BUNDLE_IDENTIFIER = com.kajitanikento.AgentCodingTrainingApp;
				PRODUCT_NAME = "$(TARGET_NAME)";
				STRING_CATALOG_GENERATE_SYMBOLS = YES;
				SUPPORTED_PLATFORMS = "iphoneos iphonesimulator";
				SUPPORTS_MACCATALYST = NO;
				SUPPORTS_MAC_DESIGNED_FOR_IPHONE_IPAD = NO;
				SUPPORTS_XR_DESIGNED_FOR_IPHONE_IPAD = NO;
				SWIFT_APPROACHABLE_CONCURRENCY = YES;
				SWIFT_DEFAULT_ACTOR_ISOLATION = MainActor;
				SWIFT_EMIT_LOC_STRINGS = YES;
				SWIFT_UPCOMING_FEATURE_MEMBER_IMPORT_VISIBILITY = YES;
				SWIFT_VERSION = 5.0;
				TARGETED_DEVICE_FAMILY = 1;
			};
			name = Release;
		};
		CFF049252F775CA6008FF485 /* Debug */ = {
			isa = XCBuildConfiguration;
			buildSettings = {
				BUNDLE_LOADER = "$(TEST_HOST)";
				CODE_SIGN_STYLE = Automatic;
				CURRENT_PROJECT_VERSION = 1;
				DEVELOPMENT_TEAM = CH36299RN6;
				GENERATE_INFOPLIST_FILE = YES;
				IPHONEOS_DEPLOYMENT_TARGET = 18.0;
				MARKETING_VERSION = 1.0;
				PRODUCT_BUNDLE_IDENTIFIER = com.kajitanikento.AgentCodingTrainingAppTests;
				PRODUCT_NAME = "$(TARGET_NAME)";
				STRING_CATALOG_GENERATE_SYMBOLS = NO;
				SWIFT_APPROACHABLE_CONCURRENCY = YES;
				SWIFT_EMIT_LOC_STRINGS = NO;
				SWIFT_UPCOMING_FEATURE_MEMBER_IMPORT_VISIBILITY = YES;
				SWIFT_VERSION = 5.0;
				TARGETED_DEVICE_FAMILY = "1,2";
				TEST_HOST = "$(BUILT_PRODUCTS_DIR)/AgentCodingTrainingApp.app/$(BUNDLE_EXECUTABLE_FOLDER_PATH)/AgentCodingTrainingApp";
			};
			name = Debug;
		};
		CFF049262F775CA6008FF485 /* Release */ = {
			isa = XCBuildConfiguration;
			buildSettings = {
				BUNDLE_LOADER = "$(TEST_HOST)";
				CODE_SIGN_STYLE = Automatic;
				CURRENT_PROJECT_VERSION = 1;
				DEVELOPMENT_TEAM = CH36299RN6;
				GENERATE_INFOPLIST_FILE = YES;
				IPHONEOS_DEPLOYMENT_TARGET = 18.0;
				MARKETING_VERSION = 1.0;
				PRODUCT_BUNDLE_IDENTIFIER = com.kajitanikento.AgentCodingTrainingAppTests;
				PRODUCT_NAME = "$(TARGET_NAME)";
				STRING_CATALOG_GENERATE_SYMBOLS = NO;
				SWIFT_APPROACHABLE_CONCURRENCY = YES;
				SWIFT_EMIT_LOC_STRINGS = NO;
				SWIFT_UPCOMING_FEATURE_MEMBER_IMPORT_VISIBILITY = YES;
				SWIFT_VERSION = 5.0;
				TARGETED_DEVICE_FAMILY = "1,2";
				TEST_HOST = "$(BUILT_PRODUCTS_DIR)/AgentCodingTrainingApp.app/$(BUNDLE_EXECUTABLE_FOLDER_PATH)/AgentCodingTrainingApp";
			};
			name = Release;
		};
		CFF049282F775CA6008FF485 /* Debug */ = {
			isa = XCBuildConfiguration;
			buildSettings = {
				CODE_SIGN_STYLE = Automatic;
				CURRENT_PROJECT_VERSION = 1;
				DEVELOPMENT_TEAM = CH36299RN6;
				GENERATE_INFOPLIST_FILE = YES;
				IPHONEOS_DEPLOYMENT_TARGET = 18.0;
				MARKETING_VERSION = 1.0;
				PRODUCT_BUNDLE_IDENTIFIER = com.kajitanikento.AgentCodingTrainingAppUITests;
				PRODUCT_NAME = "$(TARGET_NAME)";
				STRING_CATALOG_GENERATE_SYMBOLS = NO;
				SWIFT_APPROACHABLE_CONCURRENCY = YES;
				SWIFT_EMIT_LOC_STRINGS = NO;
				SWIFT_UPCOMING_FEATURE_MEMBER_IMPORT_VISIBILITY = YES;
				SWIFT_VERSION = 5.0;
				TARGETED_DEVICE_FAMILY = "1,2";
				TEST_TARGET_NAME = AgentCodingTrainingApp;
			};
			name = Debug;
		};
		CFF049292F775CA6008FF485 /* Release */ = {
			isa = XCBuildConfiguration;
			buildSettings = {
				CODE_SIGN_STYLE = Automatic;
				CURRENT_PROJECT_VERSION = 1;
				DEVELOPMENT_TEAM = CH36299RN6;
				GENERATE_INFOPLIST_FILE = YES;
				IPHONEOS_DEPLOYMENT_TARGET = 18.0;
				MARKETING_VERSION = 1.0;
				PRODUCT_BUNDLE_IDENTIFIER = com.kajitanikento.AgentCodingTrainingAppUITests;
				PRODUCT_NAME = "$(TARGET_NAME)";
				STRING_CATALOG_GENERATE_SYMBOLS = NO;
				SWIFT_APPROACHABLE_CONCURRENCY = YES;
				SWIFT_EMIT_LOC_STRINGS = NO;
				SWIFT_UPCOMING_FEATURE_MEMBER_IMPORT_VISIBILITY = YES;
				SWIFT_VERSION = 5.0;
				TARGETED_DEVICE_FAMILY = "1,2";
				TEST_TARGET_NAME = AgentCodingTrainingApp;
			};
			name = Release;
		};
/* End XCBuildConfiguration section */

/* Begin XCConfigurationList section */
		CFF048FB2F775CA4008FF485 /* Build configuration list for PBXProject "AgentCodingTrainingApp" */ = {
			isa = XCConfigurationList;
			buildConfigurations = (
				CFF0491F2F775CA6008FF485 /* Debug */,
				CFF049202F775CA6008FF485 /* Release */,
			);
			defaultConfigurationIsVisible = 0;
			defaultConfigurationName = Release;
		};
		CFF049212F775CA6008FF485 /* Build configuration list for PBXNativeTarget "AgentCodingTrainingApp" */ = {
			isa = XCConfigurationList;
			buildConfigurations = (
				CFF049222F775CA6008FF485 /* Debug */,
				CFF049232F775CA6008FF485 /* Release */,
			);
			defaultConfigurationIsVisible = 0;
			defaultConfigurationName = Release;
		};
		CFF049242F775CA6008FF485 /* Build configuration list for PBXNativeTarget "AgentCodingTrainingAppTests" */ = {
			isa = XCConfigurationList;
			buildConfigurations = (
				CFF049252F775CA6008FF485 /* Debug */,
				CFF049262F775CA6008FF485 /* Release */,
			);
			defaultConfigurationIsVisible = 0;
			defaultConfigurationName = Release;
		};
		CFF049272F775CA6008FF485 /* Build configuration list for PBXNativeTarget "AgentCodingTrainingAppUITests" */ = {
			isa = XCConfigurationList;
			buildConfigurations = (
				CFF049282F775CA6008FF485 /* Debug */,
				CFF049292F775CA6008FF485 /* Release */,
			);
			defaultConfigurationIsVisible = 0;
			defaultConfigurationName = Release;
		};
/* End XCConfigurationList section */

/* Begin XCLocalSwiftPackageReference section */
		CFF049682F77DEFE008FF485 /* XCLocalSwiftPackageReference "LocalPackages/CodeSample" */ = {
			isa = XCLocalSwiftPackageReference;
			relativePath = LocalPackages/CodeSample;
		};
/* End XCLocalSwiftPackageReference section */

/* Begin XCSwiftPackageProductDependency section */
		CFF049692F77DEFE008FF485 /* CodeSample */ = {
			isa = XCSwiftPackageProductDependency;
			productName = CodeSample;
		};
/* End XCSwiftPackageProductDependency section */
	};
	rootObject = CFF048F82F775CA4008FF485 /* Project object */;
}
